
Microsoft Visual Studio Solution File, Format Version 12.00
# Visual Studio 15
VisualStudioVersion = 15.0.28010.2026
MinimumVisualStudioVersion = 10.0.40219.1
Project("{FAE04EC0-301F-11D3-BF4B-00C04F79EFBC}") = "WinFormTaller2", "WinFormTaller2\WinFormTaller2.csproj", "{5170645E-1522-4833-A9E3-901EE2C006A6}"
EndProject
Project("{FAE04EC0-301F-11D3-BF4B-00C04F79EFBC}") = "CapaDeDominio", "CapaDeDominio\CapaDeDominio.csproj", "{3B98363B-4081-4651-B65C-8EC9DC00214D}"
EndProject
Global
	GlobalSection(SolutionConfigurationPlatforms) = preSolution
		Debug|Any CPU = Debug|Any CPU
		Release|Any CPU = Release|Any CPU
	EndGlobalSection
	GlobalSection(ProjectConfigurationPlatforms) = postSolution
		{5170645E-1522-4833-A9E3-901EE2C006A6}.Debug|Any CPU.ActiveCfg = Debug|Any CPU
		{5170645E-1522-4833-A9E3-901EE2C006A6}.Debug|Any CPU.Build.0 = Debug|Any CPU
		{5170645E-1522-4833-A9E3-901EE2C006A6}.Release|Any CPU.ActiveCfg = Release|Any CPU
		{5170645E-1522-4833-A9E3-901EE2C006A6}.Release|Any CPU.Build.0 = Release|Any CPU
		{3B98363B-4081-4651-B65C-8EC9DC00214D}.Debug|Any CPU.ActiveCfg = Debug|Any CPU
		{3B98363B-4081-4651-B65C-8EC9DC00214D}.Debug|Any CPU.Build.0 = Debug|Any CPU
		{3B98363B-4081-4651-B65C-8EC9DC00214D}.Release|Any CPU.ActiveCfg = Release|Any CPU
		{3B98363B-4081-4651-B65C-8EC9DC00214D}.Release|Any CPU.Build.0 = Release|Any CPU
	EndGlobalSection
	GlobalSection(SolutionProperties) = preSolution
		HideSolutionNode = FALSE
	EndGlobalSection
	GlobalSection(ExtensibilityGlobals) = postSolution
		SolutionGuid = {534AF957-C4E2-4726-B471-4099B81F951A}
	EndGlobalSection
EndGlobal
